
Microsoft Visual Studio Solution File, Format Version 12.00
# Visual Studio 15
Project("{FAE04EC0-301F-11D3-BF4B-00C04F79EFBC}") = "Exercises02", "Exercises02\Exercises02.csproj", "{03CDCC17-98CE-4E33-B12E-603CE75E5FFD}"
EndProject
Global
	GlobalSection(SolutionConfigurationPlatforms) = preSolution
		Debug|Any CPU = Debug|Any CPU
		Release|Any CPU = Release|Any CPU
	EndGlobalSection
	GlobalSection(ProjectConfigurationPlatforms) = postSolution
		{03CDCC17-98CE-4E33-B12E-603CE75E5FFD}.Debug|Any CPU.ActiveCfg = Debug|Any CPU
		{03CDCC17-98CE-4E33-B12E-603CE75E5FFD}.Debug|Any CPU.Build.0 = Debug|Any CPU
		{03CDCC17-98CE-4E33-B12E-603CE75E5FFD}.Release|Any CPU.ActiveCfg = Release|Any CPU
		{03CDCC17-98CE-4E33-B12E-603CE75E5FFD}.Release|Any CPU.Build.0 = Release|Any CPU
	EndGlobalSection
EndGlobal
